
Microsoft Visual Studio Solution File, Format Version 12.00
# Visual Studio Version 17
VisualStudioVersion = 17.0.31903.59
MinimumVisualStudioVersion = 10.0.40219.1
Project("{2150E333-8FDC-42A3-9474-1A3956D46DE8}") = "src", "src", "{827E0CD3-B72D-47B6-A68D-7590B98EB39B}"
EndProject
Project("{FAE04EC0-301F-11D3-BF4B-00C04F79EFBC}") = "LocalCart.Auth.Api", "src\Services\Auth\LocalCart.Auth.Api\LocalCart.Auth.Api.csproj", "{22167515-B304-45E7-8777-9557AF85D7E1}"
EndProject
Project("{FAE04EC0-301F-11D3-BF4B-00C04F79EFBC}") = "LocalCart.Auth.Application", "src\Services\Auth\LocalCart.Auth.Application\LocalCart.Auth.Application.csproj", "{52CC32F0-A2DE-49EC-BF34-8869E4B7FDCF}"
EndProject
Project("{FAE04EC0-301F-11D3-BF4B-00C04F79EFBC}") = "LocalCart.Auth.Domain", "src\Services\Auth\LocalCart.Auth.Domain\LocalCart.Auth.Domain.csproj", "{18AF8E37-9D78-492E-95EC-222C0146BA1A}"
EndProject
Project("{FAE04EC0-301F-11D3-BF4B-00C04F79EFBC}") = "LocalCart.Auth.Infrastructure", "src\Services\Auth\LocalCart.Auth.Infrastructure\LocalCart.Auth.Infrastructure.csproj", "{6AF3CE3A-B62D-42E1-BE01-DC57CCCABB0A}"
EndProject
Project("{FAE04EC0-301F-11D3-BF4B-00C04F79EFBC}") = "LocalCart.Product.Application", "src\Services\Product\LocalCart.Product.Application\LocalCart.Product.Application.csproj", "{81782228-B2B5-4679-9BD0-A64AF901E23D}"
EndProject
Project("{FAE04EC0-301F-11D3-BF4B-00C04F79EFBC}") = "LocalCart.Product.Domain", "src\Services\Product\LocalCart.Product.Domain\LocalCart.Product.Domain.csproj", "{0C456289-4DDE-49F9-9169-ACD153154B23}"
EndProject
Project("{FAE04EC0-301F-11D3-BF4B-00C04F79EFBC}") = "LocalCart.Product.Infrastructure", "src\Services\Product\LocalCart.Product.Infrastructure\LocalCart.Product.Infrastructure.csproj", "{8176E6A6-D438-428B-B2E9-D49F4DFA33B6}"
EndProject
Project("{FAE04EC0-301F-11D3-BF4B-00C04F79EFBC}") = "LocalCart.Product.UnitTests", "tests\LocalCart.Product.UnitTests\LocalCart.Product.UnitTests.csproj", "{DB4D08AC-1932-4232-8BFF-F1886433C8BC}"
EndProject
Project("{2150E333-8FDC-42A3-9474-1A3956D46DE8}") = "Services", "Services", "{984BB9B3-3FA3-BE33-9484-CAC21695A33C}"
EndProject
Project("{2150E333-8FDC-42A3-9474-1A3956D46DE8}") = "Product", "Product", "{374CED38-7421-B0F7-DFE2-3AF3B9F49E7C}"
EndProject
Project("{FAE04EC0-301F-11D3-BF4B-00C04F79EFBC}") = "LocalCart.Product.Api", "src\Services\Product\LocalCart.Product.Api\LocalCart.Product.Api.csproj", "{1AD470E2-9399-4A15-8907-34FD196552D3}"
EndProject
Project("{FAE04EC0-301F-11D3-BF4B-00C04F79EFBC}") = "LocalCart.Auth.UnitTests", "tests\LocalCart.Auth.UnitTests\LocalCart.Auth.UnitTests.csproj", "{E303FA37-93B0-4F80-8A98-E0F7B5DC9476}"
EndProject
Project("{2150E333-8FDC-42A3-9474-1A3956D46DE8}") = "tests", "tests", "{0AB3BF05-4346-4AA6-1389-037BE0695223}"
EndProject
Project("{FAE04EC0-301F-11D3-BF4B-00C04F79EFBC}") = "LocalCart.Auth.IntegrationTests", "tests\LocalCart.Auth.IntegrationTests\LocalCart.Auth.IntegrationTests.csproj", "{0E4F6F71-CB68-4F44-883D-CCD4EFD37243}"
EndProject
Project("{FAE04EC0-301F-11D3-BF4B-00C04F79EFBC}") = "LocalCart.Product.IntegrationTests", "tests\LocalCart.Product.IntegrationTests\LocalCart.Product.IntegrationTests.csproj", "{5FD8C3CC-F92C-4862-B75C-B1D7C6D43BA5}"
EndProject
Global
	GlobalSection(SolutionConfigurationPlatforms) = preSolution
		Debug|Any CPU = Debug|Any CPU
		Debug|x64 = Debug|x64
		Debug|x86 = Debug|x86
		Release|Any CPU = Release|Any CPU
		Release|x64 = Release|x64
		Release|x86 = Release|x86
	EndGlobalSection
	GlobalSection(ProjectConfigurationPlatforms) = postSolution
		{22167515-B304-45E7-8777-9557AF85D7E1}.Debug|Any CPU.ActiveCfg = Debug|Any CPU
		{22167515-B304-45E7-8777-9557AF85D7E1}.Debug|Any CPU.Build.0 = Debug|Any CPU
		{22167515-B304-45E7-8777-9557AF85D7E1}.Debug|x64.ActiveCfg = Debug|Any CPU
		{22167515-B304-45E7-8777-9557AF85D7E1}.Debug|x64.Build.0 = Debug|Any CPU
		{22167515-B304-45E7-8777-9557AF85D7E1}.Debug|x86.ActiveCfg = Debug|Any CPU
		{22167515-B304-45E7-8777-9557AF85D7E1}.Debug|x86.Build.0 = Debug|Any CPU
		{22167515-B304-45E7-8777-9557AF85D7E1}.Release|Any CPU.ActiveCfg = Release|Any CPU
		{22167515-B304-45E7-8777-9557AF85D7E1}.Release|Any CPU.Build.0 = Release|Any CPU
		{22167515-B304-45E7-8777-9557AF85D7E1}.Release|x64.ActiveCfg = Release|Any CPU
		{22167515-B304-45E7-8777-9557AF85D7E1}.Release|x64.Build.0 = Release|Any CPU
		{22167515-B304-45E7-8777-9557AF85D7E1}.Release|x86.ActiveCfg = Release|Any CPU
		{22167515-B304-45E7-8777-9557AF85D7E1}.Release|x86.Build.0 = Release|Any CPU
		{52CC32F0-A2DE-49EC-BF34-8869E4B7FDCF}.Debug|Any CPU.ActiveCfg = Debug|Any CPU
		{52CC32F0-A2DE-49EC-BF34-8869E4B7FDCF}.Debug|Any CPU.Build.0 = Debug|Any CPU
		{52CC32F0-A2DE-49EC-BF34-8869E4B7FDCF}.Debug|x64.ActiveCfg = Debug|Any CPU
		{52CC32F0-A2DE-49EC-BF34-8869E4B7FDCF}.Debug|x64.Build.0 = Debug|Any CPU
		{52CC32F0-A2DE-49EC-BF34-8869E4B7FDCF}.Debug|x86.ActiveCfg = Debug|Any CPU
		{52CC32F0-A2DE-49EC-BF34-8869E4B7FDCF}.Debug|x86.Build.0 = Debug|Any CPU
		{52CC32F0-A2DE-49EC-BF34-8869E4B7FDCF}.Release|Any CPU.ActiveCfg = Release|Any CPU
		{52CC32F0-A2DE-49EC-BF34-8869E4B7FDCF}.Release|Any CPU.Build.0 = Release|Any CPU
		{52CC32F0-A2DE-49EC-BF34-8869E4B7FDCF}.Release|x64.ActiveCfg = Release|Any CPU
		{52CC32F0-A2DE-49EC-BF34-8869E4B7FDCF}.Release|x64.Build.0 = Release|Any CPU
		{52CC32F0-A2DE-49EC-BF34-8869E4B7FDCF}.Release|x86.ActiveCfg = Release|Any CPU
		{52CC32F0-A2DE-49EC-BF34-8869E4B7FDCF}.Release|x86.Build.0 = Release|Any CPU
		{18AF8E37-9D78-492E-95EC-222C0146BA1A}.Debug|Any CPU.ActiveCfg = Debug|Any CPU
		{18AF8E37-9D78-492E-95EC-222C0146BA1A}.Debug|Any CPU.Build.0 = Debug|Any CPU
		{18AF8E37-9D78-492E-95EC-222C0146BA1A}.Debug|x64.ActiveCfg = Debug|Any CPU
		{18AF8E37-9D78-492E-95EC-222C0146BA1A}.Debug|x64.Build.0 = Debug|Any CPU
		{18AF8E37-9D78-492E-95EC-222C0146BA1A}.Debug|x86.ActiveCfg = Debug|Any CPU
		{18AF8E37-9D78-492E-95EC-222C0146BA1A}.Debug|x86.Build.0 = Debug|Any CPU
		{18AF8E37-9D78-492E-95EC-222C0146BA1A}.Release|Any CPU.ActiveCfg = Release|Any CPU
		{18AF8E37-9D78-492E-95EC-222C0146BA1A}.Release|Any CPU.Build.0 = Release|Any CPU
		{18AF8E37-9D78-492E-95EC-222C0146BA1A}.Release|x64.ActiveCfg = Release|Any CPU
		{18AF8E37-9D78-492E-95EC-222C0146BA1A}.Release|x64.Build.0 = Release|Any CPU
		{18AF8E37-9D78-492E-95EC-222C0146BA1A}.Release|x86.ActiveCfg = Release|Any CPU
		{18AF8E37-9D78-492E-95EC-222C0146BA1A}.Release|x86.Build.0 = Release|Any CPU
		{6AF3CE3A-B62D-42E1-BE01-DC57CCCABB0A}.Debug|Any CPU.ActiveCfg = Debug|Any CPU
		{6AF3CE3A-B62D-42E1-BE01-DC57CCCABB0A}.Debug|Any CPU.Build.0 = Debug|Any CPU
		{6AF3CE3A-B62D-42E1-BE01-DC57CCCABB0A}.Debug|x64.ActiveCfg = Debug|Any CPU
		{6AF3CE3A-B62D-42E1-BE01-DC57CCCABB0A}.Debug|x64.Build.0 = Debug|Any CPU
		{6AF3CE3A-B62D-42E1-BE01-DC57CCCABB0A}.Debug|x86.ActiveCfg = Debug|Any CPU
		{6AF3CE3A-B62D-42E1-BE01-DC57CCCABB0A}.Debug|x86.Build.0 = Debug|Any CPU
		{6AF3CE3A-B62D-42E1-BE01-DC57CCCABB0A}.Release|Any CPU.ActiveCfg = Release|Any CPU
		{6AF3CE3A-B62D-42E1-BE01-DC57CCCABB0A}.Release|Any CPU.Build.0 = Release|Any CPU
		{6AF3CE3A-B62D-42E1-BE01-DC57CCCABB0A}.Release|x64.ActiveCfg = Release|Any CPU
		{6AF3CE3A-B62D-42E1-BE01-DC57CCCABB0A}.Release|x64.Build.0 = Release|Any CPU
		{6AF3CE3A-B62D-42E1-BE01-DC57CCCABB0A}.Release|x86.ActiveCfg = Release|Any CPU
		{6AF3CE3A-B62D-42E1-BE01-DC57CCCABB0A}.Release|x86.Build.0 = Release|Any CPU
		{81782228-B2B5-4679-9BD0-A64AF901E23D}.Debug|Any CPU.ActiveCfg = Debug|Any CPU
		{81782228-B2B5-4679-9BD0-A64AF901E23D}.Debug|Any CPU.Build.0 = Debug|Any CPU
		{81782228-B2B5-4679-9BD0-A64AF901E23D}.Debug|x64.ActiveCfg = Debug|Any CPU
		{81782228-B2B5-4679-9BD0-A64AF901E23D}.Debug|x64.Build.0 = Debug|Any CPU
		{81782228-B2B5-4679-9BD0-A64AF901E23D}.Debug|x86.ActiveCfg = Debug|Any CPU
		{81782228-B2B5-4679-9BD0-A64AF901E23D}.Debug|x86.Build.0 = Debug|Any CPU
		{81782228-B2B5-4679-9BD0-A64AF901E23D}.Release|Any CPU.ActiveCfg = Release|Any CPU
		{81782228-B2B5-4679-9BD0-A64AF901E23D}.Release|Any CPU.Build.0 = Release|Any CPU
		{81782228-B2B5-4679-9BD0-A64AF901E23D}.Release|x64.ActiveCfg = Release|Any CPU
		{81782228-B2B5-4679-9BD0-A64AF901E23D}.Release|x64.Build.0 = Release|Any CPU
		{81782228-B2B5-4679-9BD0-A64AF901E23D}.Release|x86.ActiveCfg = Release|Any CPU
		{81782228-B2B5-4679-9BD0-A64AF901E23D}.Release|x86.Build.0 = Release|Any CPU
		{0C456289-4DDE-49F9-9169-ACD153154B23}.Debug|Any CPU.ActiveCfg = Debug|Any CPU
		{0C456289-4DDE-49F9-9169-ACD153154B23}.Debug|Any CPU.Build.0 = Debug|Any CPU
		{0C456289-4DDE-49F9-9169-ACD153154B23}.Debug|x64.ActiveCfg = Debug|Any CPU
		{0C456289-4DDE-49F9-9169-ACD153154B23}.Debug|x64.Build.0 = Debug|Any CPU
		{0C456289-4DDE-49F9-9169-ACD153154B23}.Debug|x86.ActiveCfg = Debug|Any CPU
		{0C456289-4DDE-49F9-9169-ACD153154B23}.Debug|x86.Build.0 = Debug|Any CPU
		{0C456289-4DDE-49F9-9169-ACD153154B23}.Release|Any CPU.ActiveCfg = Release|Any CPU
		{0C456289-4DDE-49F9-9169-ACD153154B23}.Release|Any CPU.Build.0 = Release|Any CPU
		{0C456289-4DDE-49F9-9169-ACD153154B23}.Release|x64.ActiveCfg = Release|Any CPU
		{0C456289-4DDE-49F9-9169-ACD153154B23}.Release|x64.Build.0 = Release|Any CPU
		{0C456289-4DDE-49F9-9169-ACD153154B23}.Release|x86.ActiveCfg = Release|Any CPU
		{0C456289-4DDE-49F9-9169-ACD153154B23}.Release|x86.Build.0 = Release|Any CPU
		{8176E6A6-D438-428B-B2E9-D49F4DFA33B6}.Debug|Any CPU.ActiveCfg = Debug|Any CPU
		{8176E6A6-D438-428B-B2E9-D49F4DFA33B6}.Debug|Any CPU.Build.0 = Debug|Any CPU
		{8176E6A6-D438-428B-B2E9-D49F4DFA33B6}.Debug|x64.ActiveCfg = Debug|Any CPU
		{8176E6A6-D438-428B-B2E9-D49F4DFA33B6}.Debug|x64.Build.0 = Debug|Any CPU
		{8176E6A6-D438-428B-B2E9-D49F4DFA33B6}.Debug|x86.ActiveCfg = Debug|Any CPU
		{8176E6A6-D438-428B-B2E9-D49F4DFA33B6}.Debug|x86.Build.0 = Debug|Any CPU
		{8176E6A6-D438-428B-B2E9-D49F4DFA33B6}.Release|Any CPU.ActiveCfg = Release|Any CPU
		{8176E6A6-D438-428B-B2E9-D49F4DFA33B6}.Release|Any CPU.Build.0 = Release|Any CPU
		{8176E6A6-D438-428B-B2E9-D49F4DFA33B6}.Release|x64.ActiveCfg = Release|Any CPU
		{8176E6A6-D438-428B-B2E9-D49F4DFA33B6}.Release|x64.Build.0 = Release|Any CPU
		{8176E6A6-D438-428B-B2E9-D49F4DFA33B6}.Release|x86.ActiveCfg = Release|Any CPU
		{8176E6A6-D438-428B-B2E9-D49F4DFA33B6}.Release|x86.Build.0 = Release|Any CPU
		{DB4D08AC-1932-4232-8BFF-F1886433C8BC}.Debug|Any CPU.ActiveCfg = Debug|Any CPU
		{DB4D08AC-1932-4232-8BFF-F1886433C8BC}.Debug|Any CPU.Build.0 = Debug|Any CPU
		{DB4D08AC-1932-4232-8BFF-F1886433C8BC}.Debug|x64.ActiveCfg = Debug|Any CPU
		{DB4D08AC-1932-4232-8BFF-F1886433C8BC}.Debug|x64.Build.0 = Debug|Any CPU
		{DB4D08AC-1932-4232-8BFF-F1886433C8BC}.Debug|x86.ActiveCfg = Debug|Any CPU
		{DB4D08AC-1932-4232-8BFF-F1886433C8BC}.Debug|x86.Build.0 = Debug|Any CPU
		{DB4D08AC-1932-4232-8BFF-F1886433C8BC}.Release|Any CPU.ActiveCfg = Release|Any CPU
		{DB4D08AC-1932-4232-8BFF-F1886433C8BC}.Release|Any CPU.Build.0 = Release|Any CPU
		{DB4D08AC-1932-4232-8BFF-F1886433C8BC}.Release|x64.ActiveCfg = Release|Any CPU
		{DB4D08AC-1932-4232-8BFF-F1886433C8BC}.Release|x64.Build.0 = Release|Any CPU
		{DB4D08AC-1932-4232-8BFF-F1886433C8BC}.Release|x86.ActiveCfg = Release|Any CPU
		{DB4D08AC-1932-4232-8BFF-F1886433C8BC}.Release|x86.Build.0 = Release|Any CPU
		{1AD470E2-9399-4A15-8907-34FD196552D3}.Debug|Any CPU.ActiveCfg = Debug|Any CPU
		{1AD470E2-9399-4A15-8907-34FD196552D3}.Debug|Any CPU.Build.0 = Debug|Any CPU
		{1AD470E2-9399-4A15-8907-34FD196552D3}.Debug|x64.ActiveCfg = Debug|Any CPU
		{1AD470E2-9399-4A15-8907-34FD196552D3}.Debug|x64.Build.0 = Debug|Any CPU
		{1AD470E2-9399-4A15-8907-34FD196552D3}.Debug|x86.ActiveCfg = Debug|Any CPU
		{1AD470E2-9399-4A15-8907-34FD196552D3}.Debug|x86.Build.0 = Debug|Any CPU
		{1AD470E2-9399-4A15-8907-34FD196552D3}.Release|Any CPU.ActiveCfg = Release|Any CPU
		{1AD470E2-9399-4A15-8907-34FD196552D3}.Release|Any CPU.Build.0 = Release|Any CPU
		{1AD470E2-9399-4A15-8907-34FD196552D3}.Release|x64.ActiveCfg = Release|Any CPU
		{1AD470E2-9399-4A15-8907-34FD196552D3}.Release|x64.Build.0 = Release|Any CPU
		{1AD470E2-9399-4A15-8907-34FD196552D3}.Release|x86.ActiveCfg = Release|Any CPU
		{1AD470E2-9399-4A15-8907-34FD196552D3}.Release|x86.Build.0 = Release|Any CPU
		{E303FA37-93B0-4F80-8A98-E0F7B5DC9476}.Debug|Any CPU.ActiveCfg = Debug|Any CPU
		{E303FA37-93B0-4F80-8A98-E0F7B5DC9476}.Debug|Any CPU.Build.0 = Debug|Any CPU
		{E303FA37-93B0-4F80-8A98-E0F7B5DC9476}.Debug|x64.ActiveCfg = Debug|Any CPU
		{E303FA37-93B0-4F80-8A98-E0F7B5DC9476}.Debug|x64.Build.0 = Debug|Any CPU
		{E303FA37-93B0-4F80-8A98-E0F7B5DC9476}.Debug|x86.ActiveCfg = Debug|Any CPU
		{E303FA37-93B0-4F80-8A98-E0F7B5DC9476}.Debug|x86.Build.0 = Debug|Any CPU
		{E303FA37-93B0-4F80-8A98-E0F7B5DC9476}.Release|Any CPU.ActiveCfg = Release|Any CPU
		{E303FA37-93B0-4F80-8A98-E0F7B5DC9476}.Release|Any CPU.Build.0 = Release|Any CPU
		{E303FA37-93B0-4F80-8A98-E0F7B5DC9476}.Release|x64.ActiveCfg = Release|Any CPU
		{E303FA37-93B0-4F80-8A98-E0F7B5DC9476}.Release|x64.Build.0 = Release|Any CPU
		{E303FA37-93B0-4F80-8A98-E0F7B5DC9476}.Release|x86.ActiveCfg = Release|Any CPU
		{E303FA37-93B0-4F80-8A98-E0F7B5DC9476}.Release|x86.Build.0 = Release|Any CPU
		{0E4F6F71-CB68-4F44-883D-CCD4EFD37243}.Debug|Any CPU.ActiveCfg = Debug|Any CPU
		{0E4F6F71-CB68-4F44-883D-CCD4EFD37243}.Debug|Any CPU.Build.0 = Debug|Any CPU
		{0E4F6F71-CB68-4F44-883D-CCD4EFD37243}.Debug|x64.ActiveCfg = Debug|Any CPU
		{0E4F6F71-CB68-4F44-883D-CCD4EFD37243}.Debug|x64.Build.0 = Debug|Any CPU
		{0E4F6F71-CB68-4F44-883D-CCD4EFD37243}.Debug|x86.ActiveCfg = Debug|Any CPU
		{0E4F6F71-CB68-4F44-883D-CCD4EFD37243}.Debug|x86.Build.0 = Debug|Any CPU
		{0E4F6F71-CB68-4F44-883D-CCD4EFD37243}.Release|Any CPU.ActiveCfg = Release|Any CPU
		{0E4F6F71-CB68-4F44-883D-CCD4EFD37243}.Release|Any CPU.Build.0 = Release|Any CPU
		{0E4F6F71-CB68-4F44-883D-CCD4EFD37243}.Release|x64.ActiveCfg = Release|Any CPU
		{0E4F6F71-CB68-4F44-883D-CCD4EFD37243}.Release|x64.Build.0 = Release|Any CPU
		{0E4F6F71-CB68-4F44-883D-CCD4EFD37243}.Release|x86.ActiveCfg = Release|Any CPU
		{0E4F6F71-CB68-4F44-883D-CCD4EFD37243}.Release|x86.Build.0 = Release|Any CPU
		{5FD8C3CC-F92C-4862-B75C-B1D7C6D43BA5}.Debug|Any CPU.ActiveCfg = Debug|Any CPU
		{5FD8C3CC-F92C-4862-B75C-B1D7C6D43BA5}.Debug|Any CPU.Build.0 = Debug|Any CPU
		{5FD8C3CC-F92C-4862-B75C-B1D7C6D43BA5}.Debug|x64.ActiveCfg = Debug|Any CPU
		{5FD8C3CC-F92C-4862-B75C-B1D7C6D43BA5}.Debug|x64.Build.0 = Debug|Any CPU
		{5FD8C3CC-F92C-4862-B75C-B1D7C6D43BA5}.Debug|x86.ActiveCfg = Debug|Any CPU
		{5FD8C3CC-F92C-4862-B75C-B1D7C6D43BA5}.Debug|x86.Build.0 = Debug|Any CPU
		{5FD8C3CC-F92C-4862-B75C-B1D7C6D43BA5}.Release|Any CPU.ActiveCfg = Release|Any CPU
		{5FD8C3CC-F92C-4862-B75C-B1D7C6D43BA5}.Release|Any CPU.Build.0 = Release|Any CPU
		{5FD8C3CC-F92C-4862-B75C-B1D7C6D43BA5}.Release|x64.ActiveCfg = Release|Any CPU
		{5FD8C3CC-F92C-4862-B75C-B1D7C6D43BA5}.Release|x64.Build.0 = Release|Any CPU
		{5FD8C3CC-F92C-4862-B75C-B1D7C6D43BA5}.Release|x86.ActiveCfg = Release|Any CPU
		{5FD8C3CC-F92C-4862-B75C-B1D7C6D43BA5}.Release|x86.Build.0 = Release|Any CPU
	EndGlobalSection
	GlobalSection(SolutionProperties) = preSolution
		HideSolutionNode = FALSE
	EndGlobalSection
	GlobalSection(NestedProjects) = preSolution
		{22167515-B304-45E7-8777-9557AF85D7E1} = {827E0CD3-B72D-47B6-A68D-7590B98EB39B}
		{52CC32F0-A2DE-49EC-BF34-8869E4B7FDCF} = {827E0CD3-B72D-47B6-A68D-7590B98EB39B}
		{18AF8E37-9D78-492E-95EC-222C0146BA1A} = {827E0CD3-B72D-47B6-A68D-7590B98EB39B}
		{6AF3CE3A-B62D-42E1-BE01-DC57CCCABB0A} = {827E0CD3-B72D-47B6-A68D-7590B98EB39B}
		{81782228-B2B5-4679-9BD0-A64AF901E23D} = {827E0CD3-B72D-47B6-A68D-7590B98EB39B}
		{0C456289-4DDE-49F9-9169-ACD153154B23} = {827E0CD3-B72D-47B6-A68D-7590B98EB39B}
		{8176E6A6-D438-428B-B2E9-D49F4DFA33B6} = {827E0CD3-B72D-47B6-A68D-7590B98EB39B}
		{DB4D08AC-1932-4232-8BFF-F1886433C8BC} = {827E0CD3-B72D-47B6-A68D-7590B98EB39B}
		{984BB9B3-3FA3-BE33-9484-CAC21695A33C} = {827E0CD3-B72D-47B6-A68D-7590B98EB39B}
		{374CED38-7421-B0F7-DFE2-3AF3B9F49E7C} = {984BB9B3-3FA3-BE33-9484-CAC21695A33C}
		{1AD470E2-9399-4A15-8907-34FD196552D3} = {374CED38-7421-B0F7-DFE2-3AF3B9F49E7C}
		{E303FA37-93B0-4F80-8A98-E0F7B5DC9476} = {374CED38-7421-B0F7-DFE2-3AF3B9F49E7C}
		{0E4F6F71-CB68-4F44-883D-CCD4EFD37243} = {0AB3BF05-4346-4AA6-1389-037BE0695223}
		{5FD8C3CC-F92C-4862-B75C-B1D7C6D43BA5} = {0AB3BF05-4346-4AA6-1389-037BE0695223}
	EndGlobalSection
EndGlobal
